// !$*UTF8*$!
{
	archiveVersion = 1;
	classes = {
	};
	objectVersion = 56;
	objects = {

/* Begin PBXBuildFile section */
		4A136A832B0E9EB7001AA82A /* glassnode_swift.docc in Sources */ = {isa = PBXBuildFile; fileRef = 4A136A822B0E9EB7001AA82A /* glassnode_swift.docc */; };
		4A136A892B0E9EB7001AA82A /* GlassnodeSwift.framework in Frameworks */ = {isa = PBXBuildFile; fileRef = 4A136A7E2B0E9EB7001AA82A /* GlassnodeSwift.framework */; };
		4A136A8F2B0E9EB7001AA82A /* glassnode_swift.h in Headers */ = {isa = PBXBuildFile; fileRef = 4A136A812B0E9EB7001AA82A /* glassnode_swift.h */; settings = {ATTRIBUTES = (Public, ); }; };
		4A136A9B2B12259B001AA82A /* MetricModel.swift in Sources */ = {isa = PBXBuildFile; fileRef = 4A136A9A2B12259B001AA82A /* MetricModel.swift */; };
		4A136A9E2B122656001AA82A /* StrapiService.swift in Sources */ = {isa = PBXBuildFile; fileRef = 4A136A9D2B122656001AA82A /* StrapiService.swift */; };
		4A136AA12B1226C5001AA82A /* NetworkService.swift in Sources */ = {isa = PBXBuildFile; fileRef = 4A136AA02B1226C5001AA82A /* NetworkService.swift */; };
		4A136AA32B1226FC001AA82A /* NetworkError.swift in Sources */ = {isa = PBXBuildFile; fileRef = 4A136AA22B1226FC001AA82A /* NetworkError.swift */; };
		4A136AA72B122A3F001AA82A /* StrapiServiceTest.swift in Sources */ = {isa = PBXBuildFile; fileRef = 4A136AA62B122A3F001AA82A /* StrapiServiceTest.swift */; };
		4A136AA92B122B8A001AA82A /* GlassnodeSwift.swift in Sources */ = {isa = PBXBuildFile; fileRef = 4A136AA82B122B8A001AA82A /* GlassnodeSwift.swift */; };
		4A136AAB2B122C75001AA82A /* StrapiEndpoints.swift in Sources */ = {isa = PBXBuildFile; fileRef = 4A136AAA2B122C75001AA82A /* StrapiEndpoints.swift */; };
		4A136AAE2B122CC9001AA82A /* MetricsLoader.swift in Sources */ = {isa = PBXBuildFile; fileRef = 4A136AAD2B122CC9001AA82A /* MetricsLoader.swift */; };
		4A136AB02B122E5E001AA82A /* GlassnodeSwiftTests.swift in Sources */ = {isa = PBXBuildFile; fileRef = 4A136AAF2B122E5E001AA82A /* GlassnodeSwiftTests.swift */; };
		4A136AB22B12302D001AA82A /* MetricsLoaderTests.swift in Sources */ = {isa = PBXBuildFile; fileRef = 4A136AB12B12302D001AA82A /* MetricsLoaderTests.swift */; };
		4A136AB62B123154001AA82A /* DataLoader.swift in Sources */ = {isa = PBXBuildFile; fileRef = 4A136AB52B123154001AA82A /* DataLoader.swift */; };
		4A136AB82B12321E001AA82A /* GlassnodeSwiftError.swift in Sources */ = {isa = PBXBuildFile; fileRef = 4A136AB72B12321E001AA82A /* GlassnodeSwiftError.swift */; };
		4A136ABB2B12329B001AA82A /* APIService.swift in Sources */ = {isa = PBXBuildFile; fileRef = 4A136ABA2B12329B001AA82A /* APIService.swift */; };
		4A136ABE2B1232C1001AA82A /* MetricDataModel.swift in Sources */ = {isa = PBXBuildFile; fileRef = 4A136ABD2B1232C1001AA82A /* MetricDataModel.swift */; };
/* End PBXBuildFile section */

/* Begin PBXContainerItemProxy section */
		4A136A8A2B0E9EB7001AA82A /* PBXContainerItemProxy */ = {
			isa = PBXContainerItemProxy;
			containerPortal = 4A136A752B0E9EB7001AA82A /* Project object */;
			proxyType = 1;
			remoteGlobalIDString = 4A136A7D2B0E9EB7001AA82A;
			remoteInfo = GlassnodeSwift;
		};
/* End PBXContainerItemProxy section */

/* Begin PBXFileReference section */
		4A136A7E2B0E9EB7001AA82A /* GlassnodeSwift.framework */ = {isa = PBXFileReference; explicitFileType = wrapper.framework; includeInIndex = 0; path = GlassnodeSwift.framework; sourceTree = BUILT_PRODUCTS_DIR; };
		4A136A812B0E9EB7001AA82A /* glassnode_swift.h */ = {isa = PBXFileReference; lastKnownFileType = sourcecode.c.h; path = glassnode_swift.h; sourceTree = "<group>"; };
		4A136A822B0E9EB7001AA82A /* glassnode_swift.docc */ = {isa = PBXFileReference; lastKnownFileType = folder.documentationcatalog; path = glassnode_swift.docc; sourceTree = "<group>"; };
		4A136A882B0E9EB7001AA82A /* GlassnodeSwiftTests.xctest */ = {isa = PBXFileReference; explicitFileType = wrapper.cfbundle; includeInIndex = 0; path = GlassnodeSwiftTests.xctest; sourceTree = BUILT_PRODUCTS_DIR; };
		4A136A9A2B12259B001AA82A /* MetricModel.swift */ = {isa = PBXFileReference; lastKnownFileType = sourcecode.swift; path = MetricModel.swift; sourceTree = "<group>"; };
		4A136A9D2B122656001AA82A /* StrapiService.swift */ = {isa = PBXFileReference; lastKnownFileType = sourcecode.swift; path = StrapiService.swift; sourceTree = "<group>"; };
		4A136AA02B1226C5001AA82A /* NetworkService.swift */ = {isa = PBXFileReference; lastKnownFileType = sourcecode.swift; path = NetworkService.swift; sourceTree = "<group>"; };
		4A136AA22B1226FC001AA82A /* NetworkError.swift */ = {isa = PBXFileReference; lastKnownFileType = sourcecode.swift; path = NetworkError.swift; sourceTree = "<group>"; };
		4A136AA62B122A3F001AA82A /* StrapiServiceTest.swift */ = {isa = PBXFileReference; lastKnownFileType = sourcecode.swift; path = StrapiServiceTest.swift; sourceTree = "<group>"; };
		4A136AA82B122B8A001AA82A /* GlassnodeSwift.swift */ = {isa = PBXFileReference; lastKnownFileType = sourcecode.swift; path = GlassnodeSwift.swift; sourceTree = "<group>"; };
		4A136AAA2B122C75001AA82A /* StrapiEndpoints.swift */ = {isa = PBXFileReference; lastKnownFileType = sourcecode.swift; path = StrapiEndpoints.swift; sourceTree = "<group>"; };
		4A136AAD2B122CC9001AA82A /* MetricsLoader.swift */ = {isa = PBXFileReference; lastKnownFileType = sourcecode.swift; path = MetricsLoader.swift; sourceTree = "<group>"; };
		4A136AAF2B122E5E001AA82A /* GlassnodeSwiftTests.swift */ = {isa = PBXFileReference; lastKnownFileType = sourcecode.swift; path = GlassnodeSwiftTests.swift; sourceTree = "<group>"; };
		4A136AB12B12302D001AA82A /* MetricsLoaderTests.swift */ = {isa = PBXFileReference; lastKnownFileType = sourcecode.swift; path = MetricsLoaderTests.swift; sourceTree = "<group>"; };
		4A136AB52B123154001AA82A /* DataLoader.swift */ = {isa = PBXFileReference; lastKnownFileType = sourcecode.swift; path = DataLoader.swift; sourceTree = "<group>"; };
		4A136AB72B12321E001AA82A /* GlassnodeSwiftError.swift */ = {isa = PBXFileReference; lastKnownFileType = sourcecode.swift; path = GlassnodeSwiftError.swift; sourceTree = "<group>"; };
		4A136ABA2B12329B001AA82A /* APIService.swift */ = {isa = PBXFileReference; lastKnownFileType = sourcecode.swift; path = APIService.swift; sourceTree = "<group>"; };
		4A136ABD2B1232C1001AA82A /* MetricDataModel.swift */ = {isa = PBXFileReference; lastKnownFileType = sourcecode.swift; path = MetricDataModel.swift; sourceTree = "<group>"; };
/* End PBXFileReference section */

/* Begin PBXFrameworksBuildPhase section */
		4A136A7B2B0E9EB7001AA82A /* Frameworks */ = {
			isa = PBXFrameworksBuildPhase;
			buildActionMask = 2147483647;
			files = (
			);
			runOnlyForDeploymentPostprocessing = 0;
		};
		4A136A852B0E9EB7001AA82A /* Frameworks */ = {
			isa = PBXFrameworksBuildPhase;
			buildActionMask = 2147483647;
			files = (
				4A136A892B0E9EB7001AA82A /* GlassnodeSwift.framework in Frameworks */,
			);
			runOnlyForDeploymentPostprocessing = 0;
		};
/* End PBXFrameworksBuildPhase section */

/* Begin PBXGroup section */
		4A136A742B0E9EB7001AA82A = {
			isa = PBXGroup;
			children = (
				4A136A802B0E9EB7001AA82A /* Sources */,
				4A136A8C2B0E9EB7001AA82A /* Tests */,
				4A136A7F2B0E9EB7001AA82A /* Products */,
			);
			sourceTree = "<group>";
		};
		4A136A7F2B0E9EB7001AA82A /* Products */ = {
			isa = PBXGroup;
			children = (
				4A136A7E2B0E9EB7001AA82A /* GlassnodeSwift.framework */,
				4A136A882B0E9EB7001AA82A /* GlassnodeSwiftTests.xctest */,
			);
			name = Products;
			sourceTree = "<group>";
		};
		4A136A802B0E9EB7001AA82A /* Sources */ = {
			isa = PBXGroup;
			children = (
				4A136AB92B12328F001AA82A /* APIService */,
				4A136AAC2B122CB6001AA82A /* Loaders */,
				4A136A9F2B1226B1001AA82A /* NetworkService */,
				4A136A982B1224E9001AA82A /* StrapiService */,
				4A136A812B0E9EB7001AA82A /* glassnode_swift.h */,
				4A136A822B0E9EB7001AA82A /* glassnode_swift.docc */,
				4A136AA82B122B8A001AA82A /* GlassnodeSwift.swift */,
				4A136AB72B12321E001AA82A /* GlassnodeSwiftError.swift */,
			);
			path = Sources;
			sourceTree = "<group>";
		};
		4A136A8C2B0E9EB7001AA82A /* Tests */ = {
			isa = PBXGroup;
			children = (
				4A136AB42B12313E001AA82A /* StrapiService */,
				4A136AB32B123135001AA82A /* Loaders */,
				4A136AAF2B122E5E001AA82A /* GlassnodeSwiftTests.swift */,
			);
			path = Tests;
			sourceTree = "<group>";
		};
		4A136A982B1224E9001AA82A /* StrapiService */ = {
			isa = PBXGroup;
			children = (
				4A136A992B122528001AA82A /* Models */,
				4A136A9D2B122656001AA82A /* StrapiService.swift */,
				4A136AAA2B122C75001AA82A /* StrapiEndpoints.swift */,
			);
			path = StrapiService;
			sourceTree = "<group>";
		};
		4A136A992B122528001AA82A /* Models */ = {
			isa = PBXGroup;
			children = (
				4A136A9A2B12259B001AA82A /* MetricModel.swift */,
			);
			path = Models;
			sourceTree = "<group>";
		};
		4A136A9F2B1226B1001AA82A /* NetworkService */ = {
			isa = PBXGroup;
			children = (
				4A136AA02B1226C5001AA82A /* NetworkService.swift */,
				4A136AA22B1226FC001AA82A /* NetworkError.swift */,
			);
			path = NetworkService;
			sourceTree = "<group>";
		};
		4A136AAC2B122CB6001AA82A /* Loaders */ = {
			isa = PBXGroup;
			children = (
				4A136AAD2B122CC9001AA82A /* MetricsLoader.swift */,
				4A136AB52B123154001AA82A /* DataLoader.swift */,
			);
			path = Loaders;
			sourceTree = "<group>";
		};
		4A136AB32B123135001AA82A /* Loaders */ = {
			isa = PBXGroup;
			children = (
				4A136AB12B12302D001AA82A /* MetricsLoaderTests.swift */,
			);
			path = Loaders;
			sourceTree = "<group>";
		};
		4A136AB42B12313E001AA82A /* StrapiService */ = {
			isa = PBXGroup;
			children = (
				4A136AA62B122A3F001AA82A /* StrapiServiceTest.swift */,
			);
			path = StrapiService;
			sourceTree = "<group>";
		};
		4A136AB92B12328F001AA82A /* APIService */ = {
			isa = PBXGroup;
			children = (
				4A136ABC2B1232B6001AA82A /* Models */,
				4A136ABA2B12329B001AA82A /* APIService.swift */,
			);
			path = APIService;
			sourceTree = "<group>";
		};
		4A136ABC2B1232B6001AA82A /* Models */ = {
			isa = PBXGroup;
			children = (
				4A136ABD2B1232C1001AA82A /* MetricDataModel.swift */,
			);
			path = Models;
			sourceTree = "<group>";
		};
/* End PBXGroup section */

/* Begin PBXHeadersBuildPhase section */
		4A136A792B0E9EB7001AA82A /* Headers */ = {
			isa = PBXHeadersBuildPhase;
			buildActionMask = 2147483647;
			files = (
				4A136A8F2B0E9EB7001AA82A /* glassnode_swift.h in Headers */,
			);
			runOnlyForDeploymentPostprocessing = 0;
		};
/* End PBXHeadersBuildPhase section */

/* Begin PBXNativeTarget section */
		4A136A7D2B0E9EB7001AA82A /* GlassnodeSwift */ = {
			isa = PBXNativeTarget;
			buildConfigurationList = 4A136A922B0E9EB7001AA82A /* Build configuration list for PBXNativeTarget "GlassnodeSwift" */;
			buildPhases = (
				4A136A792B0E9EB7001AA82A /* Headers */,
				4A136A7A2B0E9EB7001AA82A /* Sources */,
				4A136A7B2B0E9EB7001AA82A /* Frameworks */,
				4A136A7C2B0E9EB7001AA82A /* Resources */,
			);
			buildRules = (
			);
			dependencies = (
			);
			name = GlassnodeSwift;
			productName = GlassnodeSwift;
			productReference = 4A136A7E2B0E9EB7001AA82A /* GlassnodeSwift.framework */;
			productType = "com.apple.product-type.framework";
		};
		4A136A872B0E9EB7001AA82A /* GlassnodeSwiftTests */ = {
			isa = PBXNativeTarget;
			buildConfigurationList = 4A136A952B0E9EB7001AA82A /* Build configuration list for PBXNativeTarget "GlassnodeSwiftTests" */;
			buildPhases = (
				4A136A842B0E9EB7001AA82A /* Sources */,
				4A136A852B0E9EB7001AA82A /* Frameworks */,
				4A136A862B0E9EB7001AA82A /* Resources */,
			);
			buildRules = (
			);
			dependencies = (
				4A136A8B2B0E9EB7001AA82A /* PBXTargetDependency */,
			);
			name = GlassnodeSwiftTests;
			productName = GlassnodeSwiftTests;
			productReference = 4A136A882B0E9EB7001AA82A /* GlassnodeSwiftTests.xctest */;
			productType = "com.apple.product-type.bundle.unit-test";
		};
/* End PBXNativeTarget section */

/* Begin PBXProject section */
		4A136A752B0E9EB7001AA82A /* Project object */ = {
			isa = PBXProject;
			attributes = {
				BuildIndependentTargetsInParallel = 1;
				LastSwiftUpdateCheck = 1500;
				LastUpgradeCheck = 1500;
				TargetAttributes = {
					4A136A7D2B0E9EB7001AA82A = {
						CreatedOnToolsVersion = 15.0;
					};
					4A136A872B0E9EB7001AA82A = {
						CreatedOnToolsVersion = 15.0;
					};
				};
			};
			buildConfigurationList = 4A136A782B0E9EB7001AA82A /* Build configuration list for PBXProject "GlassnodeSwift" */;
			compatibilityVersion = "Xcode 14.0";
			developmentRegion = en;
			hasScannedForEncodings = 0;
			knownRegions = (
				en,
				Base,
			);
			mainGroup = 4A136A742B0E9EB7001AA82A;
			productRefGroup = 4A136A7F2B0E9EB7001AA82A /* Products */;
			projectDirPath = "";
			projectRoot = "";
			targets = (
				4A136A7D2B0E9EB7001AA82A /* GlassnodeSwift */,
				4A136A872B0E9EB7001AA82A /* GlassnodeSwiftTests */,
			);
		};
/* End PBXProject section */

/* Begin PBXResourcesBuildPhase section */
		4A136A7C2B0E9EB7001AA82A /* Resources */ = {
			isa = PBXResourcesBuildPhase;
			buildActionMask = 2147483647;
			files = (
			);
			runOnlyForDeploymentPostprocessing = 0;
		};
		4A136A862B0E9EB7001AA82A /* Resources */ = {
			isa = PBXResourcesBuildPhase;
			buildActionMask = 2147483647;
			files = (
			);
			runOnlyForDeploymentPostprocessing = 0;
		};
/* End PBXResourcesBuildPhase section */

/* Begin PBXSourcesBuildPhase section */
		4A136A7A2B0E9EB7001AA82A /* Sources */ = {
			isa = PBXSourcesBuildPhase;
			buildActionMask = 2147483647;
			files = (
				4A136A832B0E9EB7001AA82A /* glassnode_swift.docc in Sources */,
				4A136A9E2B122656001AA82A /* StrapiService.swift in Sources */,
				4A136AA32B1226FC001AA82A /* NetworkError.swift in Sources */,
				4A136AA12B1226C5001AA82A /* NetworkService.swift in Sources */,
				4A136ABB2B12329B001AA82A /* APIService.swift in Sources */,
				4A136AAE2B122CC9001AA82A /* MetricsLoader.swift in Sources */,
				4A136AA92B122B8A001AA82A /* GlassnodeSwift.swift in Sources */,
				4A136A9B2B12259B001AA82A /* MetricModel.swift in Sources */,
				4A136AAB2B122C75001AA82A /* StrapiEndpoints.swift in Sources */,
				4A136AB82B12321E001AA82A /* GlassnodeSwiftError.swift in Sources */,
				4A136AB62B123154001AA82A /* DataLoader.swift in Sources */,
				4A136ABE2B1232C1001AA82A /* MetricDataModel.swift in Sources */,
			);
			runOnlyForDeploymentPostprocessing = 0;
		};
		4A136A842B0E9EB7001AA82A /* Sources */ = {
			isa = PBXSourcesBuildPhase;
			buildActionMask = 2147483647;
			files = (
				4A136AB22B12302D001AA82A /* MetricsLoaderTests.swift in Sources */,
				4A136AB02B122E5E001AA82A /* GlassnodeSwiftTests.swift in Sources */,
				4A136AA72B122A3F001AA82A /* StrapiServiceTest.swift in Sources */,
			);
			runOnlyForDeploymentPostprocessing = 0;
		};
/* End PBXSourcesBuildPhase section */

/* Begin PBXTargetDependency section */
		4A136A8B2B0E9EB7001AA82A /* PBXTargetDependency */ = {
			isa = PBXTargetDependency;
			target = 4A136A7D2B0E9EB7001AA82A /* GlassnodeSwift */;
			targetProxy = 4A136A8A2B0E9EB7001AA82A /* PBXContainerItemProxy */;
		};
/* End PBXTargetDependency section */

/* Begin XCBuildConfiguration section */
		4A136A902B0E9EB7001AA82A /* Debug */ = {
			isa = XCBuildConfiguration;
			buildSettings = {
				ALWAYS_SEARCH_USER_PATHS = NO;
				ASSETCATALOG_COMPILER_GENERATE_SWIFT_ASSET_SYMBOL_EXTENSIONS = YES;
				CLANG_ANALYZER_NONNULL = YES;
				CLANG_ANALYZER_NUMBER_OBJECT_CONVERSION = YES_AGGRESSIVE;
				CLANG_CXX_LANGUAGE_STANDARD = "gnu++20";
				CLANG_ENABLE_MODULES = YES;
				CLANG_ENABLE_OBJC_ARC = YES;
				CLANG_ENABLE_OBJC_WEAK = YES;
				CLANG_WARN_BLOCK_CAPTURE_AUTORELEASING = YES;
				CLANG_WARN_BOOL_CONVERSION = YES;
				CLANG_WARN_COMMA = YES;
				CLANG_WARN_CONSTANT_CONVERSION = YES;
				CLANG_WARN_DEPRECATED_OBJC_IMPLEMENTATIONS = YES;
				CLANG_WARN_DIRECT_OBJC_ISA_USAGE = YES_ERROR;
				CLANG_WARN_DOCUMENTATION_COMMENTS = YES;
				CLANG_WARN_EMPTY_BODY = YES;
				CLANG_WARN_ENUM_CONVERSION = YES;
				CLANG_WARN_INFINITE_RECURSION = YES;
				CLANG_WARN_INT_CONVERSION = YES;
				CLANG_WARN_NON_LITERAL_NULL_CONVERSION = YES;
				CLANG_WARN_OBJC_IMPLICIT_RETAIN_SELF = YES;
				CLANG_WARN_OBJC_LITERAL_CONVERSION = YES;
				CLANG_WARN_OBJC_ROOT_CLASS = YES_ERROR;
				CLANG_WARN_QUOTED_INCLUDE_IN_FRAMEWORK_HEADER = YES;
				CLANG_WARN_RANGE_LOOP_ANALYSIS = YES;
				CLANG_WARN_STRICT_PROTOTYPES = YES;
				CLANG_WARN_SUSPICIOUS_MOVE = YES;
				CLANG_WARN_UNGUARDED_AVAILABILITY = YES_AGGRESSIVE;
				CLANG_WARN_UNREACHABLE_CODE = YES;
				CLANG_WARN__DUPLICATE_METHOD_MATCH = YES;
				COPY_PHASE_STRIP = NO;
				CURRENT_PROJECT_VERSION = 1;
				DEBUG_INFORMATION_FORMAT = dwarf;
				ENABLE_STRICT_OBJC_MSGSEND = YES;
				ENABLE_TESTABILITY = YES;
				ENABLE_USER_SCRIPT_SANDBOXING = YES;
				GCC_C_LANGUAGE_STANDARD = gnu17;
				GCC_DYNAMIC_NO_PIC = NO;
				GCC_NO_COMMON_BLOCKS = YES;
				GCC_OPTIMIZATION_LEVEL = 0;
				GCC_PREPROCESSOR_DEFINITIONS = (
					"DEBUG=1",
					"$(inherited)",
				);
				GCC_WARN_64_TO_32_BIT_CONVERSION = YES;
				GCC_WARN_ABOUT_RETURN_TYPE = YES_ERROR;
				GCC_WARN_UNDECLARED_SELECTOR = YES;
				GCC_WARN_UNINITIALIZED_AUTOS = YES_AGGRESSIVE;
				GCC_WARN_UNUSED_FUNCTION = YES;
				GCC_WARN_UNUSED_VARIABLE = YES;
				LOCALIZATION_PREFERS_STRING_CATALOGS = YES;
				MTL_ENABLE_DEBUG_INFO = INCLUDE_SOURCE;
				MTL_FAST_MATH = YES;
				ONLY_ACTIVE_ARCH = YES;
				SWIFT_ACTIVE_COMPILATION_CONDITIONS = "DEBUG $(inherited)";
				SWIFT_OPTIMIZATION_LEVEL = "-Onone";
				VERSIONING_SYSTEM = "apple-generic";
				VERSION_INFO_PREFIX = "";
			};
			name = Debug;
		};
		4A136A912B0E9EB7001AA82A /* Release */ = {
			isa = XCBuildConfiguration;
			buildSettings = {
				ALWAYS_SEARCH_USER_PATHS = NO;
				ASSETCATALOG_COMPILER_GENERATE_SWIFT_ASSET_SYMBOL_EXTENSIONS = YES;
				CLANG_ANALYZER_NONNULL = YES;
				CLANG_ANALYZER_NUMBER_OBJECT_CONVERSION = YES_AGGRESSIVE;
				CLANG_CXX_LANGUAGE_STANDARD = "gnu++20";
				CLANG_ENABLE_MODULES = YES;
				CLANG_ENABLE_OBJC_ARC = YES;
				CLANG_ENABLE_OBJC_WEAK = YES;
				CLANG_WARN_BLOCK_CAPTURE_AUTORELEASING = YES;
				CLANG_WARN_BOOL_CONVERSION = YES;
				CLANG_WARN_COMMA = YES;
				CLANG_WARN_CONSTANT_CONVERSION = YES;
				CLANG_WARN_DEPRECATED_OBJC_IMPLEMENTATIONS = YES;
				CLANG_WARN_DIRECT_OBJC_ISA_USAGE = YES_ERROR;
				CLANG_WARN_DOCUMENTATION_COMMENTS = YES;
				CLANG_WARN_EMPTY_BODY = YES;
				CLANG_WARN_ENUM_CONVERSION = YES;
				CLANG_WARN_INFINITE_RECURSION = YES;
				CLANG_WARN_INT_CONVERSION = YES;
				CLANG_WARN_NON_LITERAL_NULL_CONVERSION = YES;
				CLANG_WARN_OBJC_IMPLICIT_RETAIN_SELF = YES;
				CLANG_WARN_OBJC_LITERAL_CONVERSION = YES;
				CLANG_WARN_OBJC_ROOT_CLASS = YES_ERROR;
				CLANG_WARN_QUOTED_INCLUDE_IN_FRAMEWORK_HEADER = YES;
				CLANG_WARN_RANGE_LOOP_ANALYSIS = YES;
				CLANG_WARN_STRICT_PROTOTYPES = YES;
				CLANG_WARN_SUSPICIOUS_MOVE = YES;
				CLANG_WARN_UNGUARDED_AVAILABILITY = YES_AGGRESSIVE;
				CLANG_WARN_UNREACHABLE_CODE = YES;
				CLANG_WARN__DUPLICATE_METHOD_MATCH = YES;
				COPY_PHASE_STRIP = NO;
				CURRENT_PROJECT_VERSION = 1;
				DEBUG_INFORMATION_FORMAT = "dwarf-with-dsym";
				ENABLE_NS_ASSERTIONS = NO;
				ENABLE_STRICT_OBJC_MSGSEND = YES;
				ENABLE_USER_SCRIPT_SANDBOXING = YES;
				GCC_C_LANGUAGE_STANDARD = gnu17;
				GCC_NO_COMMON_BLOCKS = YES;
				GCC_WARN_64_TO_32_BIT_CONVERSION = YES;
				GCC_WARN_ABOUT_RETURN_TYPE = YES_ERROR;
				GCC_WARN_UNDECLARED_SELECTOR = YES;
				GCC_WARN_UNINITIALIZED_AUTOS = YES_AGGRESSIVE;
				GCC_WARN_UNUSED_FUNCTION = YES;
				GCC_WARN_UNUSED_VARIABLE = YES;
				LOCALIZATION_PREFERS_STRING_CATALOGS = YES;
				MTL_ENABLE_DEBUG_INFO = NO;
				MTL_FAST_MATH = YES;
				SWIFT_COMPILATION_MODE = wholemodule;
				VERSIONING_SYSTEM = "apple-generic";
				VERSION_INFO_PREFIX = "";
			};
			name = Release;
		};
		4A136A932B0E9EB7001AA82A /* Debug */ = {
			isa = XCBuildConfiguration;
			buildSettings = {
				CODE_SIGN_STYLE = Automatic;
				CURRENT_PROJECT_VERSION = 1;
				DEFINES_MODULE = YES;
				DEVELOPMENT_TEAM = 73N8SZQ662;
				DYLIB_COMPATIBILITY_VERSION = 1;
				DYLIB_CURRENT_VERSION = 1;
				DYLIB_INSTALL_NAME_BASE = "@rpath";
				ENABLE_MODULE_VERIFIER = YES;
				GENERATE_INFOPLIST_FILE = YES;
				INFOPLIST_KEY_NSHumanReadableCopyright = "";
				INSTALL_PATH = "$(LOCAL_LIBRARY_DIR)/Frameworks";
				IPHONEOS_DEPLOYMENT_TARGET = 17.0;
				LD_RUNPATH_SEARCH_PATHS = (
					"@executable_path/Frameworks",
					"@loader_path/Frameworks",
				);
				"LD_RUNPATH_SEARCH_PATHS[sdk=macosx*]" = (
					"@executable_path/../Frameworks",
					"@loader_path/Frameworks",
				);
				MACOSX_DEPLOYMENT_TARGET = 14.0;
				MARKETING_VERSION = 1.0;
				MODULE_VERIFIER_SUPPORTED_LANGUAGES = "objective-c objective-c++";
				MODULE_VERIFIER_SUPPORTED_LANGUAGE_STANDARDS = "gnu17 gnu++20";
				PRODUCT_BUNDLE_IDENTIFIER = com.bartaxyz.GlassnodeSwift;
				PRODUCT_NAME = "$(TARGET_NAME:c99extidentifier)";
				SDKROOT = auto;
				SKIP_INSTALL = YES;
				SUPPORTED_PLATFORMS = "iphoneos iphonesimulator macosx";
				SWIFT_EMIT_LOC_STRINGS = YES;
				SWIFT_VERSION = 5.0;
				TARGETED_DEVICE_FAMILY = "1,2";
			};
			name = Debug;
		};
		4A136A942B0E9EB7001AA82A /* Release */ = {
			isa = XCBuildConfiguration;
			buildSettings = {
				CODE_SIGN_STYLE = Automatic;
				CURRENT_PROJECT_VERSION = 1;
				DEFINES_MODULE = YES;
				DEVELOPMENT_TEAM = 73N8SZQ662;
				DYLIB_COMPATIBILITY_VERSION = 1;
				DYLIB_CURRENT_VERSION = 1;
				DYLIB_INSTALL_NAME_BASE = "@rpath";
				ENABLE_MODULE_VERIFIER = YES;
				GENERATE_INFOPLIST_FILE = YES;
				INFOPLIST_KEY_NSHumanReadableCopyright = "";
				INSTALL_PATH = "$(LOCAL_LIBRARY_DIR)/Frameworks";
				IPHONEOS_DEPLOYMENT_TARGET = 17.0;
				LD_RUNPATH_SEARCH_PATHS = (
					"@executable_path/Frameworks",
					"@loader_path/Frameworks",
				);
				"LD_RUNPATH_SEARCH_PATHS[sdk=macosx*]" = (
					"@executable_path/../Frameworks",
					"@loader_path/Frameworks",
				);
				MACOSX_DEPLOYMENT_TARGET = 14.0;
				MARKETING_VERSION = 1.0;
				MODULE_VERIFIER_SUPPORTED_LANGUAGES = "objective-c objective-c++";
				MODULE_VERIFIER_SUPPORTED_LANGUAGE_STANDARDS = "gnu17 gnu++20";
				PRODUCT_BUNDLE_IDENTIFIER = com.bartaxyz.GlassnodeSwift;
				PRODUCT_NAME = "$(TARGET_NAME:c99extidentifier)";
				SDKROOT = auto;
				SKIP_INSTALL = YES;
				SUPPORTED_PLATFORMS = "iphoneos iphonesimulator macosx";
				SWIFT_EMIT_LOC_STRINGS = YES;
				SWIFT_VERSION = 5.0;
				TARGETED_DEVICE_FAMILY = "1,2";
			};
			name = Release;
		};
		4A136A962B0E9EB7001AA82A /* Debug */ = {
			isa = XCBuildConfiguration;
			buildSettings = {
				ALWAYS_EMBED_SWIFT_STANDARD_LIBRARIES = YES;
				CODE_SIGN_STYLE = Automatic;
				CURRENT_PROJECT_VERSION = 1;
				DEVELOPMENT_TEAM = 73N8SZQ662;
				GENERATE_INFOPLIST_FILE = YES;
				IPHONEOS_DEPLOYMENT_TARGET = 17.0;
				MACOSX_DEPLOYMENT_TARGET = 14.0;
				MARKETING_VERSION = 1.0;
				PRODUCT_BUNDLE_IDENTIFIER = com.bartaxyz.GlassnodeSwiftTests;
				PRODUCT_NAME = "$(TARGET_NAME)";
				SDKROOT = auto;
				SUPPORTED_PLATFORMS = "iphoneos iphonesimulator macosx";
				SWIFT_EMIT_LOC_STRINGS = NO;
				SWIFT_VERSION = 5.0;
				TARGETED_DEVICE_FAMILY = "1,2";
			};
			name = Debug;
		};
		4A136A972B0E9EB7001AA82A /* Release */ = {
			isa = XCBuildConfiguration;
			buildSettings = {
				ALWAYS_EMBED_SWIFT_STANDARD_LIBRARIES = YES;
				CODE_SIGN_STYLE = Automatic;
				CURRENT_PROJECT_VERSION = 1;
				DEVELOPMENT_TEAM = 73N8SZQ662;
				GENERATE_INFOPLIST_FILE = YES;
				IPHONEOS_DEPLOYMENT_TARGET = 17.0;
				MACOSX_DEPLOYMENT_TARGET = 14.0;
				MARKETING_VERSION = 1.0;
				PRODUCT_BUNDLE_IDENTIFIER = com.bartaxyz.GlassnodeSwiftTests;
				PRODUCT_NAME = "$(TARGET_NAME)";
				SDKROOT = auto;
				SUPPORTED_PLATFORMS = "iphoneos iphonesimulator macosx";
				SWIFT_EMIT_LOC_STRINGS = NO;
				SWIFT_VERSION = 5.0;
				TARGETED_DEVICE_FAMILY = "1,2";
			};
			name = Release;
		};
/* End XCBuildConfiguration section */

/* Begin XCConfigurationList section */
		4A136A782B0E9EB7001AA82A /* Build configuration list for PBXProject "GlassnodeSwift" */ = {
			isa = XCConfigurationList;
			buildConfigurations = (
				4A136A902B0E9EB7001AA82A /* Debug */,
				4A136A912B0E9EB7001AA82A /* Release */,
			);
			defaultConfigurationIsVisible = 0;
			defaultConfigurationName = Release;
		};
		4A136A922B0E9EB7001AA82A /* Build configuration list for PBXNativeTarget "GlassnodeSwift" */ = {
			isa = XCConfigurationList;
			buildConfigurations = (
				4A136A932B0E9EB7001AA82A /* Debug */,
				4A136A942B0E9EB7001AA82A /* Release */,
			);
			defaultConfigurationIsVisible = 0;
			defaultConfigurationName = Release;
		};
		4A136A952B0E9EB7001AA82A /* Build configuration list for PBXNativeTarget "GlassnodeSwiftTests" */ = {
			isa = XCConfigurationList;
			buildConfigurations = (
				4A136A962B0E9EB7001AA82A /* Debug */,
				4A136A972B0E9EB7001AA82A /* Release */,
			);
			defaultConfigurationIsVisible = 0;
			defaultConfigurationName = Release;
		};
/* End XCConfigurationList section */
	};
	rootObject = 4A136A752B0E9EB7001AA82A /* Project object */;
}
